# Generated by pub
# See https://www.dartlang.org/tools/pub/glossary#lockfile
packages:
  after_layout:
    dependency: transitive
    description:
      name: after_layout
      url: "https://pub.dartlang.org"
    source: hosted
    version: "1.0.7+2"
  async:
    dependency: transitive
    description:
      name: async
      url: "https://pub.dartlang.org"
    source: hosted
    version: "2.1.0"
  boolean_selector:
    dependency: transitive
    description:
      name: boolean_selector
      url: "https://pub.dartlang.org"
    source: hosted
    version: "1.0.4"
  carousel_slider:
    dependency: "direct dev"
    description:
      name: carousel_slider
      url: "https://pub.dartlang.org"
    source: hosted
    version: "1.3.0"
  charcode:
    dependency: transitive
    description:
      name: charcode
      url: "https://pub.dartlang.org"
    source: hosted
    version: "1.1.2"
  charts_common:
    dependency: transitive
    description:
      name: charts_common
      url: "https://pub.dartlang.org"
    source: hosted
    version: "0.6.0"
  charts_flutter:
    dependency: "direct dev"
    description:
      name: charts_flutter
      url: "https://pub.dartlang.org"
    source: hosted
    version: "0.6.0"
  circular_splash_transition:
    dependency: "direct dev"
    description:
      name: circular_splash_transition
      url: "https://pub.dartlang.org"
    source: hosted
    version: "0.2.1"
  cloud_firestore:
    dependency: "direct dev"
    description:
      name: cloud_firestore
      url: "https://pub.dartlang.org"
    source: hosted
    version: "0.12.9"
  collection:
    dependency: transitive
    description:
      name: collection
      url: "https://pub.dartlang.org"
    source: hosted
    version: "1.14.11"
  contacts_service:
    dependency: "direct dev"
    description:
      name: contacts_service
      url: "https://pub.dartlang.org"
    source: hosted
    version: "0.2.8"
  fancy_on_boarding:
    dependency: "direct dev"
    description:
      name: fancy_on_boarding
      url: "https://pub.dartlang.org"
    source: hosted
    version: "1.2.0"
  firebase_auth:
    dependency: "direct dev"
    description:
      name: firebase_auth
      url: "https://pub.dartlang.org"
    source: hosted
    version: "0.11.1+5"
  firebase_core:
    dependency: transitive
    description:
      name: firebase_core
      url: "https://pub.dartlang.org"
    source: hosted
    version: "0.4.0+1"
  firebase_storage:
    dependency: "direct dev"
    description:
      name: firebase_storage
      url: "https://pub.dartlang.org"
    source: hosted
    version: "3.0.0"
  flutter:
    dependency: "direct main"
    description: flutter
    source: sdk
    version: "0.0.0"
  flutter_facebook_login:
    dependency: "direct dev"
    description:
      name: flutter_facebook_login
      url: "https://pub.dartlang.org"
    source: hosted
    version: "2.0.1"
  flutter_fluid_slider:
    dependency: "direct dev"
    description:
      name: flutter_fluid_slider
      url: "https://pub.dartlang.org"
    source: hosted
    version: "1.0.1"
  flutter_screenutil:
    dependency: "direct dev"
    description:
      name: flutter_screenutil
      url: "https://pub.dartlang.org"
    source: hosted
    version: "0.5.2"
  flutter_search_panel:
    dependency: "direct dev"
    description:
      name: flutter_search_panel
      url: "https://pub.dartlang.org"
    source: hosted
    version: "1.0.1"
  flutter_tagging:
    dependency: "direct dev"
    description:
      name: flutter_tagging
      url: "https://pub.dartlang.org"
    source: hosted
    version: "1.1.0"
  flutter_test:
    dependency: "direct dev"
    description: flutter
    source: sdk
    version: "0.0.0"
  flutter_typeahead:
    dependency: transitive
    description:
      name: flutter_typeahead
      url: "https://pub.dartlang.org"
    source: hosted
    version: "1.6.1"
  flutter_vector_icons:
    dependency: "direct dev"
    description:
      name: flutter_vector_icons
      url: "https://pub.dartlang.org"
    source: hosted
    version: "0.1.0"
  function_types:
    dependency: transitive
    description:
      name: function_types
      url: "https://pub.dartlang.org"
    source: hosted
    version: "0.0.2"
  geoflutterfire:
    dependency: "direct dev"
    description:
      name: geoflutterfire
      url: "https://pub.dartlang.org"
    source: hosted
    version: "2.0.3+5"
  google_maps_flutter:
    dependency: "direct dev"
    description:
      name: google_maps_flutter
      url: "https://pub.dartlang.org"
    source: hosted
    version: "0.5.19+2"
  google_sign_in:
    dependency: "direct dev"
    description:
      name: google_sign_in
      url: "https://pub.dartlang.org"
    source: hosted
    version: "4.0.4"
  grouped_buttons:
    dependency: "direct dev"
    description:
      name: grouped_buttons
      url: "https://pub.dartlang.org"
    source: hosted
    version: "1.0.4"
  http:
    dependency: "direct dev"
    description:
      name: http
      url: "https://pub.dartlang.org"
    source: hosted
    version: "0.12.0+2"
  http_parser:
    dependency: transitive
    description:
      name: http_parser
      url: "https://pub.dartlang.org"
    source: hosted
    version: "3.1.3"
  image_picker:
    dependency: "direct dev"
    description:
      name: image_picker
      url: "https://pub.dartlang.org"
    source: hosted
    version: "0.6.0+9"
  intl:
    dependency: transitive
    description:
      name: intl
      url: "https://pub.dartlang.org"
    source: hosted
    version: "0.15.8"
  keyboard_visibility:
    dependency: transitive
    description:
      name: keyboard_visibility
      url: "https://pub.dartlang.org"
    source: hosted
    version: "0.5.6"
  location:
    dependency: "direct dev"
    description:
      name: location
      url: "https://pub.dartlang.org"
    source: hosted
    version: "2.3.5"
  logging:
    dependency: transitive
    description:
      name: logging
      url: "https://pub.dartlang.org"
    source: hosted
    version: "0.11.3+2"
  matcher:
    dependency: transitive
    description:
      name: matcher
      url: "https://pub.dartlang.org"
    source: hosted
    version: "0.12.5"
  meta:
    dependency: transitive
    description:
      name: meta
      url: "https://pub.dartlang.org"
    source: hosted
    version: "1.1.6"
  modal_progress_hud:
    dependency: "direct dev"
    description:
      name: modal_progress_hud
      url: "https://pub.dartlang.org"
    source: hosted
    version: "0.1.3"
  page_transition:
    dependency: "direct dev"
    description:
      name: page_transition
      url: "https://pub.dartlang.org"
    source: hosted
    version: "1.1.4"
  path:
    dependency: transitive
    description:
      name: path
      url: "https://pub.dartlang.org"
    source: hosted
    version: "1.6.2"
  path_provider:
    dependency: transitive
    description:
      name: path_provider
      url: "https://pub.dartlang.org"
    source: hosted
    version: "1.2.0"
  pedantic:
    dependency: transitive
    description:
      name: pedantic
      url: "https://pub.dartlang.org"
    source: hosted
    version: "1.5.0"
  permission_handler:
    dependency: "direct dev"
    description:
      name: permission_handler
      url: "https://pub.dartlang.org"
    source: hosted
    version: "3.1.0"
  queries:
    dependency: "direct dev"
    description:
      name: queries
      url: "https://pub.dartlang.org"
    source: hosted
    version: "0.1.12"
  quiver:
    dependency: transitive
    description:
      name: quiver
      url: "https://pub.dartlang.org"
    source: hosted
    version: "2.0.2"
  rubber:
    dependency: "direct dev"
    description:
      name: rubber
      url: "https://pub.dartlang.org"
    source: hosted
    version: "0.3.2"
  rxdart:
    dependency: transitive
    description:
      name: rxdart
      url: "https://pub.dartlang.org"
    source: hosted
    version: "0.22.0"
  shared_preferences:
    dependency: "direct dev"
    description:
      name: shared_preferences
      url: "https://pub.dartlang.org"
    source: hosted
    version: "0.5.3+1"
  sky_engine:
    dependency: transitive
    description: flutter
    source: sdk
    version: "0.0.99"
  source_span:
    dependency: transitive
    description:
      name: source_span
      url: "https://pub.dartlang.org"
    source: hosted
    version: "1.5.5"
  stack_trace:
    dependency: transitive
    description:
      name: stack_trace
      url: "https://pub.dartlang.org"
    source: hosted
    version: "1.9.3"
  sticky_infinite_list:
    dependency: "direct dev"
    description:
      name: sticky_infinite_list
      url: "https://pub.dartlang.org"
    source: hosted
    version: "1.1.0"
  stream_channel:
    dependency: transitive
    description:
      name: stream_channel
      url: "https://pub.dartlang.org"
    source: hosted
    version: "2.0.0"
  string_scanner:
    dependency: transitive
    description:
      name: string_scanner
      url: "https://pub.dartlang.org"
    source: hosted
    version: "1.0.4"
  term_glyph:
    dependency: transitive
    description:
      name: term_glyph
      url: "https://pub.dartlang.org"
    source: hosted
    version: "1.1.0"
  test_api:
    dependency: transitive
    description:
      name: test_api
      url: "https://pub.dartlang.org"
    source: hosted
    version: "0.2.4"
  timeago:
    dependency: "direct dev"
    description:
      name: timeago
      url: "https://pub.dartlang.org"
    source: hosted
    version: "2.0.18"
  typed_data:
    dependency: transitive
    description:
      name: typed_data
      url: "https://pub.dartlang.org"
    source: hosted
    version: "1.1.6"
  url_launcher:
    dependency: "direct dev"
    description:
      name: url_launcher
      url: "https://pub.dartlang.org"
    source: hosted
    version: "5.1.1"
  vector_math:
    dependency: transitive
    description:
      name: vector_math
      url: "https://pub.dartlang.org"
    source: hosted
    version: "2.0.8"
  wc_flutter_share:
    dependency: "direct dev"
    description:
      name: wc_flutter_share
      url: "https://pub.dartlang.org"
    source: hosted
    version: "0.1.1"
  xlive_switch:
    dependency: "direct dev"
    description:
      name: xlive_switch
      url: "https://pub.dartlang.org"
    source: hosted
    version: "1.0.5"
sdks:
  dart: ">=2.2.2 <3.0.0"
  flutter: ">=1.5.0 <2.0.0"
