PODS:
  - Bolts (1.9.0):
    - Bolts/AppLinks (= 1.9.0)
    - Bolts/Tasks (= 1.9.0)
  - Bolts/AppLinks (1.9.0):
    - Bolts/Tasks
  - Bolts/Tasks (1.9.0)
  - BoringSSL-GRPC (0.0.3):
    - BoringSSL-GRPC/Implementation (= 0.0.3)
    - BoringSSL-GRPC/Interface (= 0.0.3)
  - BoringSSL-GRPC/Implementation (0.0.3):
    - BoringSSL-GRPC/Interface (= 0.0.3)
  - BoringSSL-GRPC/Interface (0.0.3)
  - cloud_firestore (0.0.1):
    - Firebase/Core
    - Firebase/Firestore (~> 6.0)
    - Flutter
  - contacts_service (0.2.1):
    - Flutter
  - esys_flutter_share (0.0.1):
    - Flutter
  - FBSDKCoreKit (4.39.1):
    - Bolts (~> 1.9)
  - FBSDKLoginKit (4.39.1):
    - FBSDKCoreKit
  - Firebase/Auth (6.3.0):
    - Firebase/CoreOnly
    - FirebaseAuth (~> 6.1.2)
  - Firebase/Core (6.3.0):
    - Firebase/CoreOnly
    - FirebaseAnalytics (= 6.0.2)
  - Firebase/CoreOnly (6.3.0):
    - FirebaseCore (= 6.0.3)
  - Firebase/Firestore (6.3.0):
    - Firebase/CoreOnly
    - FirebaseFirestore (~> 1.4.0)
  - Firebase/Messaging (6.3.0):
    - Firebase/CoreOnly
    - FirebaseMessaging (~> 4.1.0)
  - Firebase/Storage (6.3.0):
    - Firebase/CoreOnly
    - FirebaseStorage (~> 3.2.1)
  - firebase_auth (0.0.1):
    - Firebase/Auth (~> 6.0)
    - Firebase/Core
    - Flutter
  - firebase_core (0.0.1):
    - Firebase/Core
    - Flutter
  - firebase_messaging (0.0.1):
    - Firebase/Core
    - Firebase/Messaging
    - Flutter
  - firebase_storage (0.0.1):
    - Firebase/Storage
    - Flutter
  - FirebaseAnalytics (6.0.2):
    - FirebaseCore (~> 6.0)
    - FirebaseInstanceID (~> 4.2)
    - GoogleAppMeasurement (= 6.0.2)
    - GoogleUtilities/AppDelegateSwizzler (~> 6.0)
    - GoogleUtilities/MethodSwizzler (~> 6.0)
    - GoogleUtilities/Network (~> 6.0)
    - "GoogleUtilities/NSData+zlib (~> 6.0)"
    - nanopb (~> 0.3)
  - FirebaseAnalyticsInterop (1.2.0)
  - FirebaseAuth (6.1.2):
    - FirebaseAuthInterop (~> 1.0)
    - FirebaseCore (~> 6.0)
    - GoogleUtilities/AppDelegateSwizzler (~> 6.2)
    - GoogleUtilities/Environment (~> 6.2)
    - GTMSessionFetcher/Core (~> 1.1)
  - FirebaseAuthInterop (1.0.0)
  - FirebaseCore (6.0.3):
    - GoogleUtilities/Environment (~> 6.0)
    - GoogleUtilities/Logger (~> 6.0)
  - FirebaseFirestore (1.4.0):
    - FirebaseAuthInterop (~> 1.0)
    - FirebaseCore (~> 6.0)
    - FirebaseFirestore/abseil-cpp (= 1.4.0)
    - "gRPC-C++ (= 0.0.9)"
    - leveldb-library (~> 1.20)
    - nanopb (~> 0.3.901)
    - Protobuf (~> 3.1)
  - FirebaseFirestore/abseil-cpp (1.4.0):
    - FirebaseAuthInterop (~> 1.0)
    - FirebaseCore (~> 6.0)
    - "gRPC-C++ (= 0.0.9)"
    - leveldb-library (~> 1.20)
    - nanopb (~> 0.3.901)
    - Protobuf (~> 3.1)
  - FirebaseInstanceID (4.2.0):
    - FirebaseCore (~> 6.0)
    - GoogleUtilities/Environment (~> 6.0)
    - GoogleUtilities/UserDefaults (~> 6.0)
  - FirebaseMessaging (4.1.1):
    - FirebaseAnalyticsInterop (~> 1.1)
    - FirebaseCore (~> 6.0)
    - FirebaseInstanceID (~> 4.1)
    - GoogleUtilities/AppDelegateSwizzler (~> 6.2)
    - GoogleUtilities/Environment (~> 6.2)
    - GoogleUtilities/Reachability (~> 6.2)
    - GoogleUtilities/UserDefaults (~> 6.2)
    - Protobuf (~> 3.1)
  - FirebaseStorage (3.2.1):
    - FirebaseAuthInterop (~> 1.0)
    - FirebaseCore (~> 6.0)
    - GTMSessionFetcher/Core (~> 1.1)
  - Flutter (1.0.0)
  - flutter_facebook_login (0.0.1):
    - FBSDKCoreKit (= 4.39.1)
    - FBSDKLoginKit (= 4.39.1)
    - Flutter
  - flutter_search_panel (0.0.1):
    - Flutter
  - FMDB (2.7.5):
    - FMDB/standard (= 2.7.5)
  - FMDB/standard (2.7.5)
  - geoflutterfire (0.0.1):
    - Flutter
  - "geolocator (5.1.1+1)":
    - Flutter
  - google_api_availability (2.0.1):
    - Flutter
  - google_maps_flutter (0.0.1):
    - Flutter
    - GoogleMaps
  - google_sign_in (0.0.1):
    - Flutter
    - GoogleSignIn (~> 4.0)
  - GoogleAppMeasurement (6.0.2):
    - GoogleUtilities/AppDelegateSwizzler (~> 6.0)
    - GoogleUtilities/MethodSwizzler (~> 6.0)
    - GoogleUtilities/Network (~> 6.0)
    - "GoogleUtilities/NSData+zlib (~> 6.0)"
    - nanopb (~> 0.3)
  - GoogleMaps (3.3.0):
    - GoogleMaps/Maps (= 3.3.0)
  - GoogleMaps/Base (3.3.0)
  - GoogleMaps/Maps (3.3.0):
    - GoogleMaps/Base
  - GoogleSignIn (4.4.0):
    - "GoogleToolboxForMac/NSDictionary+URLArguments (~> 2.1)"
    - "GoogleToolboxForMac/NSString+URLArguments (~> 2.1)"
    - GTMSessionFetcher/Core (~> 1.1)
  - GoogleToolboxForMac/DebugUtils (2.2.1):
    - GoogleToolboxForMac/Defines (= 2.2.1)
  - GoogleToolboxForMac/Defines (2.2.1)
  - "GoogleToolboxForMac/NSDictionary+URLArguments (2.2.1)":
    - GoogleToolboxForMac/DebugUtils (= 2.2.1)
    - GoogleToolboxForMac/Defines (= 2.2.1)
    - "GoogleToolboxForMac/NSString+URLArguments (= 2.2.1)"
  - "GoogleToolboxForMac/NSString+URLArguments (2.2.1)"
  - GoogleUtilities/AppDelegateSwizzler (6.2.1):
    - GoogleUtilities/Environment
    - GoogleUtilities/Logger
    - GoogleUtilities/Network
  - GoogleUtilities/Environment (6.2.1)
  - GoogleUtilities/Logger (6.2.1):
    - GoogleUtilities/Environment
  - GoogleUtilities/MethodSwizzler (6.2.1):
    - GoogleUtilities/Logger
  - GoogleUtilities/Network (6.2.1):
    - GoogleUtilities/Logger
    - "GoogleUtilities/NSData+zlib"
    - GoogleUtilities/Reachability
  - "GoogleUtilities/NSData+zlib (6.2.1)"
  - GoogleUtilities/Reachability (6.2.1):
    - GoogleUtilities/Logger
  - GoogleUtilities/UserDefaults (6.2.1):
    - GoogleUtilities/Logger
  - "gRPC-C++ (0.0.9)":
    - "gRPC-C++/Implementation (= 0.0.9)"
    - "gRPC-C++/Interface (= 0.0.9)"
  - "gRPC-C++/Implementation (0.0.9)":
    - "gRPC-C++/Interface (= 0.0.9)"
    - gRPC-Core (= 1.21.0)
    - nanopb (~> 0.3)
  - "gRPC-C++/Interface (0.0.9)"
  - gRPC-Core (1.21.0):
    - gRPC-Core/Implementation (= 1.21.0)
    - gRPC-Core/Interface (= 1.21.0)
  - gRPC-Core/Implementation (1.21.0):
    - BoringSSL-GRPC (= 0.0.3)
    - gRPC-Core/Interface (= 1.21.0)
    - nanopb (~> 0.3)
  - gRPC-Core/Interface (1.21.0)
  - GTMSessionFetcher/Core (1.2.2)
  - image_cropper (0.0.1):
    - Flutter
    - TOCropViewController (~> 2.5.0)
  - image_picker (0.0.1):
    - Flutter
  - keyboard_visibility (0.5.0):
    - Flutter
    - Reachability
  - leveldb-library (1.20)
  - location (0.0.1):
    - Flutter
  - location_permissions (2.0.2):
    - Flutter
  - nanopb (0.3.901):
    - nanopb/decode (= 0.3.901)
    - nanopb/encode (= 0.3.901)
  - nanopb/decode (0.3.901)
  - nanopb/encode (0.3.901)
  - path_provider (0.0.1):
    - Flutter
  - permission_handler (3.1.0):
    - Flutter
  - Protobuf (3.8.0)
  - Reachability (3.2)
  - share (0.5.2):
    - Flutter
  - shared_preferences (0.0.1):
    - Flutter
  - sqflite (0.0.1):
    - Flutter
    - FMDB (~> 2.7.2)
  - TOCropViewController (2.5.1)
  - url_launcher (0.0.1):
    - Flutter
  - wc_flutter_share (0.0.1):
    - Flutter

DEPENDENCIES:
  - cloud_firestore (from `.symlinks/plugins/cloud_firestore/ios`)
  - contacts_service (from `.symlinks/plugins/contacts_service/ios`)
  - esys_flutter_share (from `.symlinks/plugins/esys_flutter_share/ios`)
  - firebase_auth (from `.symlinks/plugins/firebase_auth/ios`)
  - firebase_core (from `.symlinks/plugins/firebase_core/ios`)
  - firebase_messaging (from `.symlinks/plugins/firebase_messaging/ios`)
  - firebase_storage (from `.symlinks/plugins/firebase_storage/ios`)
  - Flutter (from `.symlinks/flutter/ios`)
  - flutter_facebook_login (from `.symlinks/plugins/flutter_facebook_login/ios`)
  - flutter_search_panel (from `.symlinks/plugins/flutter_search_panel/ios`)
  - geoflutterfire (from `.symlinks/plugins/geoflutterfire/ios`)
  - geolocator (from `.symlinks/plugins/geolocator/ios`)
  - google_api_availability (from `.symlinks/plugins/google_api_availability/ios`)
  - google_maps_flutter (from `.symlinks/plugins/google_maps_flutter/ios`)
  - google_sign_in (from `.symlinks/plugins/google_sign_in/ios`)
  - image_cropper (from `.symlinks/plugins/image_cropper/ios`)
  - image_picker (from `.symlinks/plugins/image_picker/ios`)
  - keyboard_visibility (from `.symlinks/plugins/keyboard_visibility/ios`)
  - location (from `.symlinks/plugins/location/ios`)
  - location_permissions (from `.symlinks/plugins/location_permissions/ios`)
  - path_provider (from `.symlinks/plugins/path_provider/ios`)
  - permission_handler (from `.symlinks/plugins/permission_handler/ios`)
  - share (from `.symlinks/plugins/share/ios`)
  - shared_preferences (from `.symlinks/plugins/shared_preferences/ios`)
  - sqflite (from `.symlinks/plugins/sqflite/ios`)
  - url_launcher (from `.symlinks/plugins/url_launcher/ios`)
  - wc_flutter_share (from `.symlinks/plugins/wc_flutter_share/ios`)

SPEC REPOS:
  https://github.com/cocoapods/specs.git:
    - Bolts
    - BoringSSL-GRPC
    - FBSDKCoreKit
    - FBSDKLoginKit
    - Firebase
    - FirebaseAnalytics
    - FirebaseAnalyticsInterop
    - FirebaseAuth
    - FirebaseAuthInterop
    - FirebaseCore
    - FirebaseFirestore
    - FirebaseInstanceID
    - FirebaseMessaging
    - FirebaseStorage
    - FMDB
    - GoogleAppMeasurement
    - GoogleMaps
    - GoogleSignIn
    - GoogleToolboxForMac
    - GoogleUtilities
    - "gRPC-C++"
    - gRPC-Core
    - GTMSessionFetcher
    - leveldb-library
    - nanopb
    - Protobuf
    - Reachability
    - TOCropViewController

EXTERNAL SOURCES:
  cloud_firestore:
    :path: ".symlinks/plugins/cloud_firestore/ios"
  contacts_service:
    :path: ".symlinks/plugins/contacts_service/ios"
  esys_flutter_share:
    :path: ".symlinks/plugins/esys_flutter_share/ios"
  firebase_auth:
    :path: ".symlinks/plugins/firebase_auth/ios"
  firebase_core:
    :path: ".symlinks/plugins/firebase_core/ios"
  firebase_messaging:
    :path: ".symlinks/plugins/firebase_messaging/ios"
  firebase_storage:
    :path: ".symlinks/plugins/firebase_storage/ios"
  Flutter:
    :path: ".symlinks/flutter/ios"
  flutter_facebook_login:
    :path: ".symlinks/plugins/flutter_facebook_login/ios"
  flutter_search_panel:
    :path: ".symlinks/plugins/flutter_search_panel/ios"
  geoflutterfire:
    :path: ".symlinks/plugins/geoflutterfire/ios"
  geolocator:
    :path: ".symlinks/plugins/geolocator/ios"
  google_api_availability:
    :path: ".symlinks/plugins/google_api_availability/ios"
  google_maps_flutter:
    :path: ".symlinks/plugins/google_maps_flutter/ios"
  google_sign_in:
    :path: ".symlinks/plugins/google_sign_in/ios"
  image_cropper:
    :path: ".symlinks/plugins/image_cropper/ios"
  image_picker:
    :path: ".symlinks/plugins/image_picker/ios"
  keyboard_visibility:
    :path: ".symlinks/plugins/keyboard_visibility/ios"
  location:
    :path: ".symlinks/plugins/location/ios"
  location_permissions:
    :path: ".symlinks/plugins/location_permissions/ios"
  path_provider:
    :path: ".symlinks/plugins/path_provider/ios"
  permission_handler:
    :path: ".symlinks/plugins/permission_handler/ios"
  share:
    :path: ".symlinks/plugins/share/ios"
  shared_preferences:
    :path: ".symlinks/plugins/shared_preferences/ios"
  sqflite:
    :path: ".symlinks/plugins/sqflite/ios"
  url_launcher:
    :path: ".symlinks/plugins/url_launcher/ios"
  wc_flutter_share:
    :path: ".symlinks/plugins/wc_flutter_share/ios"

SPEC CHECKSUMS:
  Bolts: ac6567323eac61e203f6a9763667d0f711be34c8
  BoringSSL-GRPC: db8764df3204ccea016e1c8dd15d9a9ad63ff318
  cloud_firestore: 41f84086d2e1a5c216a6af07ef050758de825ff0
  contacts_service: 64ebf2a313b34bff0acf668efac52ae402ba9be0
  esys_flutter_share: 403498dab005b36ce1f8d7aff377e81f0621b0b4
  FBSDKCoreKit: f442aa96179cc9b382bb4abeb7e340a47cca8f91
  FBSDKLoginKit: c3079d9a4db27c492287b1eed7a4272b28cf8a59
  Firebase: 8432d732974498afd5987e9001a05f90f1a3d625
  firebase_auth: 7a2cc520766f90212b845a5b35316601707bfa25
  firebase_core: ce5006bb48508ee4e71e0f429a3f519bb8ee2961
  firebase_messaging: efa1c09df5b6fbf505ee319bf27a0c88efe9ff8c
  firebase_storage: 2543f377090a6e219caab9224dead5bbcb30ef33
  FirebaseAnalytics: 470ddab7253b21ad5a40bebd4a9903d7ae19386a
  FirebaseAnalyticsInterop: efbe45c8385ec626e29f9525e5ebd38520dfb6c1
  FirebaseAuth: 7fa2cc010b93770831a4e7a60651b52c3b8d111a
  FirebaseAuthInterop: 0ffa57668be100582bb7643d4fcb7615496c41fc
  FirebaseCore: 68f8a7f50cdae542715d4e86afa37c4067217dcb
  FirebaseFirestore: 75768d91aad491eccdc02202b8161cff9872300e
  FirebaseInstanceID: f20243a1d828e0e9a3798b995174dedc16f1b32a
  FirebaseMessaging: 6bb0bdaf64c55fef7a219b7bb1e94e94a0855ced
  FirebaseStorage: 926d41552072b9fee67aa645760f05f87b7ce604
  Flutter: 58dd7d1b27887414a370fcccb9e645c08ffd7a6a
  flutter_facebook_login: be61e24a4b7d621515353c6b4583d1981bdaa3d6
  flutter_search_panel: e2fa5ed4b86ace6add17b126dcb89f2564bd9968
  FMDB: 2ce00b547f966261cd18927a3ddb07cb6f3db82a
  geoflutterfire: 2a6493e01fb6eef1a6c9046b1baf9a943d0c5ffe
  geolocator: 9041fddc3646e5144b49c9843632365ef78d6ac2
  google_api_availability: 163b30f802e6148c67f092aa4501c90ddd8eec8d
  google_maps_flutter: 78a52114c898b42ea647919679a4c58b70abe876
  google_sign_in: 27e70a98b529f0b076d4b19f231b81da28b1750b
  GoogleAppMeasurement: a35a645835bae31b6bdc0576396bc23908f12a22
  GoogleMaps: cfee83da305b9aaeccf92c24ac79df11c3003492
  GoogleSignIn: 7ff245e1a7b26d379099d3243a562f5747e23d39
  GoogleToolboxForMac: b3553629623a3b1bff17f555e736cd5a6d95ad55
  GoogleUtilities: c7a0b08bda3bf808be823ed151f0e28ac6866e71
  "gRPC-C++": 9dfe7b44821e7b3e44aacad2af29d2c21f7cde83
  gRPC-Core: c9aef9a261a1247e881b18059b84d597293c9947
  GTMSessionFetcher: 61bb0f61a4cb560030f1222021178008a5727a23
  image_cropper: f25bdfbf1ef970c9a0a0f78306fb6a0aaac7229e
  image_picker: 16e5fec1fbc87fd3b297c53e4048521eaf17cd06
  keyboard_visibility: 96a24de806fe6823c3ad956c01ba2ec6d056616f
  leveldb-library: 08cba283675b7ed2d99629a4bc5fd052cd2bb6a5
  location: 3a2eed4dd2fab25e7b7baf2a9efefe82b512d740
  location_permissions: 67cfaff583afbb027a9f9248196f4b79c40f3cdc
  nanopb: 2901f78ea1b7b4015c860c2fdd1ea2fee1a18d48
  path_provider: f96fff6166a8867510d2c25fdcc346327cc4b259
  permission_handler: fa6b0d784b1a43cb96b468a5b8365cb130b1956a
  Protobuf: 3f617b9a6e73605565086864c9bc26b2bf2dd5a3
  Reachability: 33e18b67625424e47b6cde6d202dce689ad7af96
  share: 7d22fe8baedfe93aefd864bf0b73f29711fbb0a3
  shared_preferences: 1feebfa37bb57264736e16865e7ffae7fc99b523
  sqflite: ff1d9da63c06588cc8d1faf7256d741f16989d5a
  TOCropViewController: 00dc36c4e4a0f4a45efa91adbf22df8a4fae01d3
  url_launcher: 0067ddb8f10d36786672aa0722a21717dba3a298
  wc_flutter_share: acdfe1a80d72f39da40378151fe50d5d86f15cbf

PODFILE CHECKSUM: 88fdb039650266c9ebf8345359118111fd69b7c1

COCOAPODS: 1.7.4
